Microsoft Visual Studio Solution File, Format Version 12.00
# Visual Studio Version 17
VisualStudioVersion = 17.5.2.0
MinimumVisualStudioVersion = 10.0.40219.1
Project("{FAE04EC0-301F-11D3-BF4B-00C04F79EFBC}") = "14_autoincrement", "14_autoincrement.csproj", "{D6EFE277-E53A-7A56-3D02-A09BBB822692}"
EndProject
Global
	GlobalSection(SolutionConfigurationPlatforms) = preSolution
		Debug|Any CPU = Debug|Any CPU
		Release|Any CPU = Release|Any CPU
	EndGlobalSection
	GlobalSection(ProjectConfigurationPlatforms) = postSolution
		{D6EFE277-E53A-7A56-3D02-A09BBB822692}.Debug|Any CPU.ActiveCfg = Debug|Any CPU
		{D6EFE277-E53A-7A56-3D02-A09BBB822692}.Debug|Any CPU.Build.0 = Debug|Any CPU
		{D6EFE277-E53A-7A56-3D02-A09BBB822692}.Release|Any CPU.ActiveCfg = Release|Any CPU
		{D6EFE277-E53A-7A56-3D02-A09BBB822692}.Release|Any CPU.Build.0 = Release|Any CPU
	EndGlobalSection
	GlobalSection(SolutionProperties) = preSolution
		HideSolutionNode = FALSE
	EndGlobalSection
	GlobalSection(ExtensibilityGlobals) = postSolution
		SolutionGuid = {B22A7454-5501-4B5A-ACC5-D6D09A716A86}
	EndGlobalSection
EndGlobal
