Microsoft Visual Studio Solution File, Format Version 12.00
# Visual Studio Version 17
VisualStudioVersion = 17.5.2.0
MinimumVisualStudioVersion = 10.0.40219.1
Project("{FAE04EC0-301F-11D3-BF4B-00C04F79EFBC}") = "kaffee", "kaffee.csproj", "{1FF68CE5-4D3D-32B4-CD3E-F39E7519FFBF}"
EndProject
Global
	GlobalSection(SolutionConfigurationPlatforms) = preSolution
		Debug|Any CPU = Debug|Any CPU
		Release|Any CPU = Release|Any CPU
	EndGlobalSection
	GlobalSection(ProjectConfigurationPlatforms) = postSolution
		{1FF68CE5-4D3D-32B4-CD3E-F39E7519FFBF}.Debug|Any CPU.ActiveCfg = Debug|Any CPU
		{1FF68CE5-4D3D-32B4-CD3E-F39E7519FFBF}.Debug|Any CPU.Build.0 = Debug|Any CPU
		{1FF68CE5-4D3D-32B4-CD3E-F39E7519FFBF}.Release|Any CPU.ActiveCfg = Release|Any CPU
		{1FF68CE5-4D3D-32B4-CD3E-F39E7519FFBF}.Release|Any CPU.Build.0 = Release|Any CPU
	EndGlobalSection
	GlobalSection(SolutionProperties) = preSolution
		HideSolutionNode = FALSE
	EndGlobalSection
	GlobalSection(ExtensibilityGlobals) = postSolution
		SolutionGuid = {D5CEDD9A-F038-4719-A410-53962FDB3B06}
	EndGlobalSection
EndGlobal
