Microsoft Visual Studio Solution File, Format Version 12.00
# Visual Studio Version 17
VisualStudioVersion = 17.5.2.0
MinimumVisualStudioVersion = 10.0.40219.1
Project("{FAE04EC0-301F-11D3-BF4B-00C04F79EFBC}") = "kurs", "kurs.csproj", "{1629FCC6-8D54-251D-2DB4-D7BC296C1978}"
EndProject
Global
	GlobalSection(SolutionConfigurationPlatforms) = preSolution
		Debug|Any CPU = Debug|Any CPU
		Release|Any CPU = Release|Any CPU
	EndGlobalSection
	GlobalSection(ProjectConfigurationPlatforms) = postSolution
		{1629FCC6-8D54-251D-2DB4-D7BC296C1978}.Debug|Any CPU.ActiveCfg = Debug|Any CPU
		{1629FCC6-8D54-251D-2DB4-D7BC296C1978}.Debug|Any CPU.Build.0 = Debug|Any CPU
		{1629FCC6-8D54-251D-2DB4-D7BC296C1978}.Release|Any CPU.ActiveCfg = Release|Any CPU
		{1629FCC6-8D54-251D-2DB4-D7BC296C1978}.Release|Any CPU.Build.0 = Release|Any CPU
	EndGlobalSection
	GlobalSection(SolutionProperties) = preSolution
		HideSolutionNode = FALSE
	EndGlobalSection
	GlobalSection(ExtensibilityGlobals) = postSolution
		SolutionGuid = {EB36779E-BF78-4B8E-B08D-8BED675B5714}
	EndGlobalSection
EndGlobal
