Microsoft Visual Studio Solution File, Format Version 12.00
# Visual Studio Version 17
VisualStudioVersion = 17.5.2.0
MinimumVisualStudioVersion = 10.0.40219.1
Project("{FAE04EC0-301F-11D3-BF4B-00C04F79EFBC}") = "10_json", "10_json.csproj", "{91D34118-5D91-3A59-8BAB-F6FC1EDCCBA9}"
EndProject
Global
	GlobalSection(SolutionConfigurationPlatforms) = preSolution
		Debug|Any CPU = Debug|Any CPU
		Release|Any CPU = Release|Any CPU
	EndGlobalSection
	GlobalSection(ProjectConfigurationPlatforms) = postSolution
		{91D34118-5D91-3A59-8BAB-F6FC1EDCCBA9}.Debug|Any CPU.ActiveCfg = Debug|Any CPU
		{91D34118-5D91-3A59-8BAB-F6FC1EDCCBA9}.Debug|Any CPU.Build.0 = Debug|Any CPU
		{91D34118-5D91-3A59-8BAB-F6FC1EDCCBA9}.Release|Any CPU.ActiveCfg = Release|Any CPU
		{91D34118-5D91-3A59-8BAB-F6FC1EDCCBA9}.Release|Any CPU.Build.0 = Release|Any CPU
	EndGlobalSection
	GlobalSection(SolutionProperties) = preSolution
		HideSolutionNode = FALSE
	EndGlobalSection
	GlobalSection(ExtensibilityGlobals) = postSolution
		SolutionGuid = {970FCBD5-F8CC-4BB8-8211-9A0CA794EBE9}
	EndGlobalSection
EndGlobal
